{
  "name": "lykke-terminal-web",
  "version": "0.1.0",
  "lockfileVersion": 1,
  "requires": true,
  "dependencies": {
    "@types/autobahn": {
      "version": "0.9.38",
      "resolved": "https://registry.npmjs.org/@types/autobahn/-/autobahn-0.9.38.tgz",
      "integrity": "sha512-SDV2fQUBfVg3/kndtYiaoPMevIBxmPfR1kZFebTrnOY8h3FF63QuKqljh7OOUBU+pLOCSphhQBuA5nEAtFkwbA==",
      "dev": true,
      "requires": {
        "@types/when": "2.4.29"
      }
    },
    "@types/when": {
      "version": "2.4.29",
      "resolved": "https://registry.npmjs.org/@types/when/-/when-2.4.29.tgz",
      "integrity": "sha1-eKFxhMSN7om0GQGuFbGkS3cbbnk=",
      "dev": true
    },
    "autobahn": {
      "version": "git://github.com/crossbario/autobahn-js-built.git#59513ed5adebc74a94e09e4a87d87e19fc8ca14d"
    }
  }
}
